// !$*UTF8*$!
{
	archiveVersion = 1;
	classes = {
	};
	objectVersion = 50;
	objects = {

/* Begin PBXBuildFile section */
		9439C12226E6299900CAF7F5 /* Modern_SwiftUI_MVVM_With_Tests_Recipes_AppApp.swift in Sources */ = {isa = PBXBuildFile; fileRef = 9439C12126E6299900CAF7F5 /* Modern_SwiftUI_MVVM_With_Tests_Recipes_AppApp.swift */; };
		9439C12426E6299900CAF7F5 /* ContentView.swift in Sources */ = {isa = PBXBuildFile; fileRef = 9439C12326E6299900CAF7F5 /* ContentView.swift */; };
		9439C12626E6299D00CAF7F5 /* Assets.xcassets in Resources */ = {isa = PBXBuildFile; fileRef = 9439C12526E6299D00CAF7F5 /* Assets.xcassets */; };
		9439C12926E6299D00CAF7F5 /* Preview Assets.xcassets in Resources */ = {isa = PBXBuildFile; fileRef = 9439C12826E6299D00CAF7F5 /* Preview Assets.xcassets */; };
/* End PBXBuildFile section */

/* Begin PBXFileReference section */
		9439C11E26E6299900CAF7F5 /* Modern-SwiftUI-MVVM-With-Tests-Recipes-App.app */ = {isa = PBXFileReference; explicitFileType = wrapper.application; includeInIndex = 0; path = "Modern-SwiftUI-MVVM-With-Tests-Recipes-App.app"; sourceTree = BUILT_PRODUCTS_DIR; };
		9439C12126E6299900CAF7F5 /* Modern_SwiftUI_MVVM_With_Tests_Recipes_AppApp.swift */ = {isa = PBXFileReference; lastKnownFileType = sourcecode.swift; path = Modern_SwiftUI_MVVM_With_Tests_Recipes_AppApp.swift; sourceTree = "<group>"; };
		9439C12326E6299900CAF7F5 /* ContentView.swift */ = {isa = PBXFileReference; lastKnownFileType = sourcecode.swift; path = ContentView.swift; sourceTree = "<group>"; };
		9439C12526E6299D00CAF7F5 /* Assets.xcassets */ = {isa = PBXFileReference; lastKnownFileType = folder.assetcatalog; path = Assets.xcassets; sourceTree = "<group>"; };
		9439C12826E6299D00CAF7F5 /* Preview Assets.xcassets */ = {isa = PBXFileReference; lastKnownFileType = folder.assetcatalog; path = "Preview Assets.xcassets"; sourceTree = "<group>"; };
		9439C12A26E6299D00CAF7F5 /* Info.plist */ = {isa = PBXFileReference; lastKnownFileType = text.plist.xml; path = Info.plist; sourceTree = "<group>"; };
/* End PBXFileReference section */

/* Begin PBXFrameworksBuildPhase section */
		9439C11B26E6299900CAF7F5 /* Frameworks */ = {
			isa = PBXFrameworksBuildPhase;
			buildActionMask = 2147483647;
			files = (
			);
			runOnlyForDeploymentPostprocessing = 0;
		};
/* End PBXFrameworksBuildPhase section */

/* Begin PBXGroup section */
		9439C11526E6299900CAF7F5 = {
			isa = PBXGroup;
			children = (
				9439C12026E6299900CAF7F5 /* Modern-SwiftUI-MVVM-With-Tests-Recipes-App */,
				9439C11F26E6299900CAF7F5 /* Products */,
			);
			sourceTree = "<group>";
		};
		9439C11F26E6299900CAF7F5 /* Products */ = {
			isa = PBXGroup;
			children = (
				9439C11E26E6299900CAF7F5 /* Modern-SwiftUI-MVVM-With-Tests-Recipes-App.app */,
			);
			name = Products;
			sourceTree = "<group>";
		};
		9439C12026E6299900CAF7F5 /* Modern-SwiftUI-MVVM-With-Tests-Recipes-App */ = {
			isa = PBXGroup;
			children = (
				9439C12126E6299900CAF7F5 /* Modern_SwiftUI_MVVM_With_Tests_Recipes_AppApp.swift */,
				9439C12326E6299900CAF7F5 /* ContentView.swift */,
				9439C12526E6299D00CAF7F5 /* Assets.xcassets */,
				9439C12A26E6299D00CAF7F5 /* Info.plist */,
				9439C12726E6299D00CAF7F5 /* Preview Content */,
			);
			path = "Modern-SwiftUI-MVVM-With-Tests-Recipes-App";
			sourceTree = "<group>";
		};
		9439C12726E6299D00CAF7F5 /* Preview Content */ = {
			isa = PBXGroup;
			children = (
				9439C12826E6299D00CAF7F5 /* Preview Assets.xcassets */,
			);
			path = "Preview Content";
			sourceTree = "<group>";
		};
/* End PBXGroup section */

/* Begin PBXNativeTarget section */
		9439C11D26E6299900CAF7F5 /* Modern-SwiftUI-MVVM-With-Tests-Recipes-App */ = {
			isa = PBXNativeTarget;
			buildConfigurationList = 9439C12D26E6299D00CAF7F5 /* Build configuration list for PBXNativeTarget "Modern-SwiftUI-MVVM-With-Tests-Recipes-App" */;
			buildPhases = (
				9439C11A26E6299900CAF7F5 /* Sources */,
				9439C11B26E6299900CAF7F5 /* Frameworks */,
				9439C11C26E6299900CAF7F5 /* Resources */,
			);
			buildRules = (
			);
			dependencies = (
			);
			name = "Modern-SwiftUI-MVVM-With-Tests-Recipes-App";
			productName = "Modern-SwiftUI-MVVM-With-Tests-Recipes-App";
			productReference = 9439C11E26E6299900CAF7F5 /* Modern-SwiftUI-MVVM-With-Tests-Recipes-App.app */;
			productType = "com.apple.product-type.application";
		};
/* End PBXNativeTarget section */

/* Begin PBXProject section */
		9439C11626E6299900CAF7F5 /* Project object */ = {
			isa = PBXProject;
			attributes = {
				LastSwiftUpdateCheck = 1250;
				LastUpgradeCheck = 1250;
				TargetAttributes = {
					9439C11D26E6299900CAF7F5 = {
						CreatedOnToolsVersion = 12.5.1;
					};
				};
			};
			buildConfigurationList = 9439C11926E6299900CAF7F5 /* Build configuration list for PBXProject "Modern-SwiftUI-MVVM-With-Tests-Recipes-App" */;
			compatibilityVersion = "Xcode 9.3";
			developmentRegion = en;
			hasScannedForEncodings = 0;
			knownRegions = (
				en,
				Base,
			);
			mainGroup = 9439C11526E6299900CAF7F5;
			productRefGroup = 9439C11F26E6299900CAF7F5 /* Products */;
			projectDirPath = "";
			projectRoot = "";
			targets = (
				9439C11D26E6299900CAF7F5 /* Modern-SwiftUI-MVVM-With-Tests-Recipes-App */,
			);
		};
/* End PBXProject section */

/* Begin PBXResourcesBuildPhase section */
		9439C11C26E6299900CAF7F5 /* Resources */ = {
			isa = PBXResourcesBuildPhase;
			buildActionMask = 2147483647;
			files = (
				9439C12926E6299D00CAF7F5 /* Preview Assets.xcassets in Resources */,
				9439C12626E6299D00CAF7F5 /* Assets.xcassets in Resources */,
			);
			runOnlyForDeploymentPostprocessing = 0;
		};
/* End PBXResourcesBuildPhase section */

/* Begin PBXSourcesBuildPhase section */
		9439C11A26E6299900CAF7F5 /* Sources */ = {
			isa = PBXSourcesBuildPhase;
			buildActionMask = 2147483647;
			files = (
				9439C12426E6299900CAF7F5 /* ContentView.swift in Sources */,
				9439C12226E6299900CAF7F5 /* Modern_SwiftUI_MVVM_With_Tests_Recipes_AppApp.swift in Sources */,
			);
			runOnlyForDeploymentPostprocessing = 0;
		};
/* End PBXSourcesBuildPhase section */

/* Begin XCBuildConfiguration section */
		9439C12B26E6299D00CAF7F5 /* Debug */ = {
			isa = XCBuildConfiguration;
			buildSettings = {
				ALWAYS_SEARCH_USER_PATHS = NO;
				CLANG_ANALYZER_NONNULL = YES;
				CLANG_ANALYZER_NUMBER_OBJECT_CONVERSION = YES_AGGRESSIVE;
				CLANG_CXX_LANGUAGE_STANDARD = "gnu++14";
				CLANG_CXX_LIBRARY = "libc++";
				CLANG_ENABLE_MODULES = YES;
				CLANG_ENABLE_OBJC_ARC = YES;
				CLANG_ENABLE_OBJC_WEAK = YES;
				CLANG_WARN_BLOCK_CAPTURE_AUTORELEASING = YES;
				CLANG_WARN_BOOL_CONVERSION = YES;
				CLANG_WARN_COMMA = YES;
				CLANG_WARN_CONSTANT_CONVERSION = YES;
				CLANG_WARN_DEPRECATED_OBJC_IMPLEMENTATIONS = YES;
				CLANG_WARN_DIRECT_OBJC_ISA_USAGE = YES_ERROR;
				CLANG_WARN_DOCUMENTATION_COMMENTS = YES;
				CLANG_WARN_EMPTY_BODY = YES;
				CLANG_WARN_ENUM_CONVERSION = YES;
				CLANG_WARN_INFINITE_RECURSION = YES;
				CLANG_WARN_INT_CONVERSION = YES;
				CLANG_WARN_NON_LITERAL_NULL_CONVERSION = YES;
				CLANG_WARN_OBJC_IMPLICIT_RETAIN_SELF = YES;
				CLANG_WARN_OBJC_LITERAL_CONVERSION = YES;
				CLANG_WARN_OBJC_ROOT_CLASS = YES_ERROR;
				CLANG_WARN_QUOTED_INCLUDE_IN_FRAMEWORK_HEADER = YES;
				CLANG_WARN_RANGE_LOOP_ANALYSIS = YES;
				CLANG_WARN_STRICT_PROTOTYPES = YES;
				CLANG_WARN_SUSPICIOUS_MOVE = YES;
				CLANG_WARN_UNGUARDED_AVAILABILITY = YES_AGGRESSIVE;
				CLANG_WARN_UNREACHABLE_CODE = YES;
				CLANG_WARN__DUPLICATE_METHOD_MATCH = YES;
				COPY_PHASE_STRIP = NO;
				DEBUG_INFORMATION_FORMAT = dwarf;
				ENABLE_STRICT_OBJC_MSGSEND = YES;
				ENABLE_TESTABILITY = YES;
				GCC_C_LANGUAGE_STANDARD = gnu11;
				GCC_DYNAMIC_NO_PIC = NO;
				GCC_NO_COMMON_BLOCKS = YES;
				GCC_OPTIMIZATION_LEVEL = 0;
				GCC_PREPROCESSOR_DEFINITIONS = (
					"DEBUG=1",
					"$(inherited)",
				);
				GCC_WARN_64_TO_32_BIT_CONVERSION = YES;
				GCC_WARN_ABOUT_RETURN_TYPE = YES_ERROR;
				GCC_WARN_UNDECLARED_SELECTOR = YES;
				GCC_WARN_UNINITIALIZED_AUTOS = YES_AGGRESSIVE;
				GCC_WARN_UNUSED_FUNCTION = YES;
				GCC_WARN_UNUSED_VARIABLE = YES;
				IPHONEOS_DEPLOYMENT_TARGET = 14.5;
				MTL_ENABLE_DEBUG_INFO = INCLUDE_SOURCE;
				MTL_FAST_MATH = YES;
				ONLY_ACTIVE_ARCH = YES;
				SDKROOT = iphoneos;
				SWIFT_ACTIVE_COMPILATION_CONDITIONS = DEBUG;
				SWIFT_OPTIMIZATION_LEVEL = "-Onone";
			};
			name = Debug;
		};
		9439C12C26E6299D00CAF7F5 /* Release */ = {
			isa = XCBuildConfiguration;
			buildSettings = {
				ALWAYS_SEARCH_USER_PATHS = NO;
				CLANG_ANALYZER_NONNULL = YES;
				CLANG_ANALYZER_NUMBER_OBJECT_CONVERSION = YES_AGGRESSIVE;
				CLANG_CXX_LANGUAGE_STANDARD = "gnu++14";
				CLANG_CXX_LIBRARY = "libc++";
				CLANG_ENABLE_MODULES = YES;
				CLANG_ENABLE_OBJC_ARC = YES;
				CLANG_ENABLE_OBJC_WEAK = YES;
				CLANG_WARN_BLOCK_CAPTURE_AUTORELEASING = YES;
				CLANG_WARN_BOOL_CONVERSION = YES;
				CLANG_WARN_COMMA = YES;
				CLANG_WARN_CONSTANT_CONVERSION = YES;
				CLANG_WARN_DEPRECATED_OBJC_IMPLEMENTATIONS = YES;
				CLANG_WARN_DIRECT_OBJC_ISA_USAGE = YES_ERROR;
				CLANG_WARN_DOCUMENTATION_COMMENTS = YES;
				CLANG_WARN_EMPTY_BODY = YES;
				CLANG_WARN_ENUM_CONVERSION = YES;
				CLANG_WARN_INFINITE_RECURSION = YES;
				CLANG_WARN_INT_CONVERSION = YES;
				CLANG_WARN_NON_LITERAL_NULL_CONVERSION = YES;
				CLANG_WARN_OBJC_IMPLICIT_RETAIN_SELF = YES;
				CLANG_WARN_OBJC_LITERAL_CONVERSION = YES;
				CLANG_WARN_OBJC_ROOT_CLASS = YES_ERROR;
				CLANG_WARN_QUOTED_INCLUDE_IN_FRAMEWORK_HEADER = YES;
				CLANG_WARN_RANGE_LOOP_ANALYSIS = YES;
				CLANG_WARN_STRICT_PROTOTYPES = YES;
				CLANG_WARN_SUSPICIOUS_MOVE = YES;
				CLANG_WARN_UNGUARDED_AVAILABILITY = YES_AGGRESSIVE;
				CLANG_WARN_UNREACHABLE_CODE = YES;
				CLANG_WARN__DUPLICATE_METHOD_MATCH = YES;
				COPY_PHASE_STRIP = NO;
				DEBUG_INFORMATION_FORMAT = "dwarf-with-dsym";
				ENABLE_NS_ASSERTIONS = NO;
				ENABLE_STRICT_OBJC_MSGSEND = YES;
				GCC_C_LANGUAGE_STANDARD = gnu11;
				GCC_NO_COMMON_BLOCKS = YES;
				GCC_WARN_64_TO_32_BIT_CONVERSION = YES;
				GCC_WARN_ABOUT_RETURN_TYPE = YES_ERROR;
				GCC_WARN_UNDECLARED_SELECTOR = YES;
				GCC_WARN_UNINITIALIZED_AUTOS = YES_AGGRESSIVE;
				GCC_WARN_UNUSED_FUNCTION = YES;
				GCC_WARN_UNUSED_VARIABLE = YES;
				IPHONEOS_DEPLOYMENT_TARGET = 14.5;
				MTL_ENABLE_DEBUG_INFO = NO;
				MTL_FAST_MATH = YES;
				SDKROOT = iphoneos;
				SWIFT_COMPILATION_MODE = wholemodule;
				SWIFT_OPTIMIZATION_LEVEL = "-O";
				VALIDATE_PRODUCT = YES;
			};
			name = Release;
		};
		9439C12E26E6299D00CAF7F5 /* Debug */ = {
			isa = XCBuildConfiguration;
			buildSettings = {
				ASSETCATALOG_COMPILER_APPICON_NAME = AppIcon;
				ASSETCATALOG_COMPILER_GLOBAL_ACCENT_COLOR_NAME = AccentColor;
				CODE_SIGN_STYLE = Automatic;
				DEVELOPMENT_ASSET_PATHS = "\"Modern-SwiftUI-MVVM-With-Tests-Recipes-App/Preview Content\"";
				DEVELOPMENT_TEAM = B27VM6T287;
				ENABLE_PREVIEWS = YES;
				INFOPLIST_FILE = "Modern-SwiftUI-MVVM-With-Tests-Recipes-App/Info.plist";
				IPHONEOS_DEPLOYMENT_TARGET = 14.0;
				LD_RUNPATH_SEARCH_PATHS = (
					"$(inherited)",
					"@executable_path/Frameworks",
				);
				PRODUCT_BUNDLE_IDENTIFIER = "com.burhan.Modern-SwiftUI-MVVM-With-Tests-Recipes-App";
				PRODUCT_NAME = "$(TARGET_NAME)";
				SWIFT_VERSION = 5.0;
				TARGETED_DEVICE_FAMILY = "1,2";
			};
			name = Debug;
		};
		9439C12F26E6299D00CAF7F5 /* Release */ = {
			isa = XCBuildConfiguration;
			buildSettings = {
				ASSETCATALOG_COMPILER_APPICON_NAME = AppIcon;
				ASSETCATALOG_COMPILER_GLOBAL_ACCENT_COLOR_NAME = AccentColor;
				CODE_SIGN_STYLE = Automatic;
				DEVELOPMENT_ASSET_PATHS = "\"Modern-SwiftUI-MVVM-With-Tests-Recipes-App/Preview Content\"";
				DEVELOPMENT_TEAM = B27VM6T287;
				ENABLE_PREVIEWS = YES;
				INFOPLIST_FILE = "Modern-SwiftUI-MVVM-With-Tests-Recipes-App/Info.plist";
				IPHONEOS_DEPLOYMENT_TARGET = 14.0;
				LD_RUNPATH_SEARCH_PATHS = (
					"$(inherited)",
					"@executable_path/Frameworks",
				);
				PRODUCT_BUNDLE_IDENTIFIER = "com.burhan.Modern-SwiftUI-MVVM-With-Tests-Recipes-App";
				PRODUCT_NAME = "$(TARGET_NAME)";
				SWIFT_VERSION = 5.0;
				TARGETED_DEVICE_FAMILY = "1,2";
			};
			name = Release;
		};
/* End XCBuildConfiguration section */

/* Begin XCConfigurationList section */
		9439C11926E6299900CAF7F5 /* Build configuration list for PBXProject "Modern-SwiftUI-MVVM-With-Tests-Recipes-App" */ = {
			isa = XCConfigurationList;
			buildConfigurations = (
				9439C12B26E6299D00CAF7F5 /* Debug */,
				9439C12C26E6299D00CAF7F5 /* Release */,
			);
			defaultConfigurationIsVisible = 0;
			defaultConfigurationName = Release;
		};
		9439C12D26E6299D00CAF7F5 /* Build configuration list for PBXNativeTarget "Modern-SwiftUI-MVVM-With-Tests-Recipes-App" */ = {
			isa = XCConfigurationList;
			buildConfigurations = (
				9439C12E26E6299D00CAF7F5 /* Debug */,
				9439C12F26E6299D00CAF7F5 /* Release */,
			);
			defaultConfigurationIsVisible = 0;
			defaultConfigurationName = Release;
		};
/* End XCConfigurationList section */
	};
	rootObject = 9439C11626E6299900CAF7F5 /* Project object */;
}
